{
  "name": "acm-injection",
  "version": "0.0.0",
  "lockfileVersion": 1,
  "requires": true,
  "dependencies": {
    "acm-instantiation": {
      "version": "file:../acm-instantiation",
      "requires": {
        "acm-metamodel": "file:../acm-metamodel"
      }
    },
    "acm-metamodel": {
      "version": "file:../acm-metamodel"
    }
  }
}
